
Microsoft Visual Studio Solution File, Format Version 12.00
# Visual Studio 15
VisualStudioVersion = 15.0.27703.2035
MinimumVisualStudioVersion = 10.0.40219.1
Project("{9A19103F-16F7-4668-BE54-9A1E7A4F7556}") = "EndianBinaryIO", "Source\EndianBinaryIO.csproj", "{0AEF89A6-2AC2-4ED4-AE05-CB4195E6B92A}"
EndProject
Project("{FAE04EC0-301F-11D3-BF4B-00C04F79EFBC}") = "EndianBinaryTesting", "Testing\EndianBinaryTesting.csproj", "{31B95673-DFD2-4613-BAD6-7892CB29F4B9}"
EndProject
Global
	GlobalSection(SolutionConfigurationPlatforms) = preSolution
		Build|Any CPU = Build|Any CPU
	EndGlobalSection
	GlobalSection(ProjectConfigurationPlatforms) = postSolution
		{0AEF89A6-2AC2-4ED4-AE05-CB4195E6B92A}.Build|Any CPU.ActiveCfg = Release|Any CPU
		{0AEF89A6-2AC2-4ED4-AE05-CB4195E6B92A}.Build|Any CPU.Build.0 = Release|Any CPU
		{31B95673-DFD2-4613-BAD6-7892CB29F4B9}.Build|Any CPU.ActiveCfg = Debug|Any CPU
		{31B95673-DFD2-4613-BAD6-7892CB29F4B9}.Build|Any CPU.Build.0 = Debug|Any CPU
	EndGlobalSection
	GlobalSection(SolutionProperties) = preSolution
		HideSolutionNode = FALSE
	EndGlobalSection
	GlobalSection(ExtensibilityGlobals) = postSolution
		SolutionGuid = {C1D4E49D-C209-4E60-8F11-9E31F2B0125F}
	EndGlobalSection
EndGlobal
